
Microsoft Visual Studio Solution File, Format Version 11.00
# Visual Studio 2010
Project("{8BC9CEB8-8B4A-11D0-8D11-00A0C91BC942}") = "OOP_06_Vakulov", "OOP_06_Vakulov\OOP_06_Vakulov.vcxproj", "{7203C1D9-5002-4CC4-8BFD-EEA38B599F56}"
EndProject
Global
	GlobalSection(SolutionConfigurationPlatforms) = preSolution
		Debug|Win32 = Debug|Win32
		Release|Win32 = Release|Win32
	EndGlobalSection
	GlobalSection(ProjectConfigurationPlatforms) = postSolution
		{7203C1D9-5002-4CC4-8BFD-EEA38B599F56}.Debug|Win32.ActiveCfg = Debug|Win32
		{7203C1D9-5002-4CC4-8BFD-EEA38B599F56}.Debug|Win32.Build.0 = Debug|Win32
		{7203C1D9-5002-4CC4-8BFD-EEA38B599F56}.Release|Win32.ActiveCfg = Release|Win32
		{7203C1D9-5002-4CC4-8BFD-EEA38B599F56}.Release|Win32.Build.0 = Release|Win32
	EndGlobalSection
	GlobalSection(SolutionProperties) = preSolution
		HideSolutionNode = FALSE
	EndGlobalSection
EndGlobal
