
Microsoft Visual Studio Solution File, Format Version 11.00
# Visual Studio 2010
Project("{8BC9CEB8-8B4A-11D0-8D11-00A0C91BC942}") = "OOP_05_Vakulov", "OOP_05_Vakulov\OOP_05_Vakulov.vcxproj", "{B67C3316-04A3-44AC-B863-73D1D1833570}"
EndProject
Global
	GlobalSection(SolutionConfigurationPlatforms) = preSolution
		Debug|Win32 = Debug|Win32
		Release|Win32 = Release|Win32
	EndGlobalSection
	GlobalSection(ProjectConfigurationPlatforms) = postSolution
		{B67C3316-04A3-44AC-B863-73D1D1833570}.Debug|Win32.ActiveCfg = Debug|Win32
		{B67C3316-04A3-44AC-B863-73D1D1833570}.Debug|Win32.Build.0 = Debug|Win32
		{B67C3316-04A3-44AC-B863-73D1D1833570}.Release|Win32.ActiveCfg = Release|Win32
		{B67C3316-04A3-44AC-B863-73D1D1833570}.Release|Win32.Build.0 = Release|Win32
	EndGlobalSection
	GlobalSection(SolutionProperties) = preSolution
		HideSolutionNode = FALSE
	EndGlobalSection
EndGlobal
